lockfileVersion: '9.0'

settings:
  autoInstallPeers: true
  excludeLinksFromLockfile: false

importers:

  .:
    dependencies:
      rolldown:
        specifier: ^0.13.2
        version: 0.13.2
      rollup:
        specifier: ^4.21.2
        version: 4.21.2

packages:

  '@emnapi/core@1.2.0':
    resolution: {integrity: sha512-E7Vgw78I93we4ZWdYCb4DGAwRROGkMIXk7/y87UmANR+J6qsWusmC3gLt0H+O0KOt5e6O38U8oJamgbudrES/w==}

  '@emnapi/runtime@1.2.0':
    resolution: {integrity: sha512-bV21/9LQmcQeCPEg3BDFtvwL6cwiTMksYNWQQ4KOxCZikEGalWtenoZ0wCiukJINlGCIi2KXx01g4FoH/LxpzQ==}

  '@emnapi/wasi-threads@1.0.1':
    resolution: {integrity: sha512-iIBu7mwkq4UQGeMEM8bLwNK962nXdhodeScX4slfQnRhEMMzvYivHhutCIk8uojvmASXXPC2WNEjwxFWk72Oqw==}

  '@napi-rs/wasm-runtime@0.2.4':
    resolution: {integrity: sha512-9zESzOO5aDByvhIAsOy9TbpZ0Ur2AJbUI7UT73kcUTS2mxAMHOBaa1st/jAymNoCtvrit99kkzT1FZuXVcgfIQ==}

  '@rolldown/binding-darwin-arm64@0.13.2':
    resolution: {integrity: sha512-84C2ITL3AmuCZmBSrRy6Z38pwBGQqHIhCp5gVGIP7U20tUVJMFj2g8gt608e9kltkRxw4PM3vSujRAoN5PsGuA==}
    cpu: [arm64]
    os: [darwin]

  '@rolldown/binding-darwin-x64@0.13.2':
    resolution: {integrity: sha512-h1zv1C+RJ8xzlohUNdbtXayh3/fcxsp7RjeahfPDM/FEtFCmuM7WZBiAuF0TklKYqgs2YwGl8iA3gpnGuhzgFg==}
    cpu: [x64]
    os: [darwin]

  '@rolldown/binding-freebsd-x64@0.13.2':
    resolution: {integrity: sha512-VGBwYe/fgnIG7SWXPr6VOTPrr5d0fjYCoqM/abhUt729L3nlSaAaJOmcOvOg40KcrSJIEGgt+R0DcGNKuJ0kwA==}
    cpu: [x64]
    os: [freebsd]

  '@rolldown/binding-linux-arm-gnueabihf@0.13.2':
    resolution: {integrity: sha512-thIyywEvUlEgRlG6s0GBH04eFGKsHl59HTsL6nlILbeafizuPOw2oY+jf1NZ117ju083W5Uo6htqxKBzBeOUpg==}
    cpu: [arm]
    os: [linux]

  '@rolldown/binding-linux-arm64-gnu@0.13.2':
    resolution: {integrity: sha512-wTg4GKHFTcjlY+5jLycweIm95ttfQj3BFNxY28Y3uIaIxonF6hwFw15yz4MyhCqL0S3DV9wRcgxZemdykil+eA==}
    cpu: [arm64]
    os: [linux]

  '@rolldown/binding-linux-arm64-musl@0.13.2':
    resolution: {integrity: sha512-9g180TIoU8U/CBbL8Ci6duuO6cvAL9misrJV5ng1G2QD7XNVrp9FG+mXbbmPuJSCz4ZjXDlM3RnpOwhmBuc+HQ==}
    cpu: [arm64]
    os: [linux]

  '@rolldown/binding-linux-x64-gnu@0.13.2':
    resolution: {integrity: sha512-cmXSW6lNCq7lmggGZFucezfDqCC3XkMnzCuM6uYJMX11PU6/HS0xRTL7FjAQAwtUNyhI5/OgOv5KSqfQhHodsQ==}
    cpu: [x64]
    os: [linux]

  '@rolldown/binding-linux-x64-musl@0.13.2':
    resolution: {integrity: sha512-Y157t4Vjyo253GbjdjMHcJfeaVhcLFZ49qcWkdjRx65rzggKyXVx1C8NFX0ER1Fyse/ZP60bhOvhlq5+R1wxnA==}
    cpu: [x64]
    os: [linux]

  '@rolldown/binding-wasm32-wasi@0.13.2':
    resolution: {integrity: sha512-o3vLuYsBYcNjkPQcgzValjeQILeuZ0YdzimHXABaCliGKHLVRcZv/yH3WDQ9SSBf7lK6cYSzHSInlcYqETqxWg==}
    engines: {node: '>=14.21.3'}
    cpu: [wasm32]

  '@rolldown/binding-win32-arm64-msvc@0.13.2':
    resolution: {integrity: sha512-Czx5vzeFKOmW9AbPirP3kEJ390P9esiRhkHotVtfiPeRPz3gh6pKUiMxbeZqyvxB+3cDzbPftMtGIH9D/DylBA==}
    cpu: [arm64]
    os: [win32]

  '@rolldown/binding-win32-ia32-msvc@0.13.2':
    resolution: {integrity: sha512-2cHEcOnHMhsTp+7eMsTcqypr+Wt82HFEuhfwyxSI1TOGHOwqYMPis842qGhRjg2/y0jD9WYTNflnSTWAYBrVDQ==}
    cpu: [ia32]
    os: [win32]

  '@rolldown/binding-win32-x64-msvc@0.13.2':
    resolution: {integrity: sha512-P6Sd579+ZGEZaF05XHKE6RdPe27YlrEa1FeujcI9job+xtq3hpJ/ebKTYPqcEMt05ssR5Ervmbz5SHsrOes1wQ==}
    cpu: [x64]
    os: [win32]

  '@rollup/rollup-android-arm-eabi@4.21.2':
    resolution: {integrity: sha512-fSuPrt0ZO8uXeS+xP3b+yYTCBUd05MoSp2N/MFOgjhhUhMmchXlpTQrTpI8T+YAwAQuK7MafsCOxW7VrPMrJcg==}
    cpu: [arm]
    os: [android]

  '@rollup/rollup-android-arm64@4.21.2':
    resolution: {integrity: sha512-xGU5ZQmPlsjQS6tzTTGwMsnKUtu0WVbl0hYpTPauvbRAnmIvpInhJtgjj3mcuJpEiuUw4v1s4BimkdfDWlh7gA==}
    cpu: [arm64]
    os: [android]

  '@rollup/rollup-darwin-arm64@4.21.2':
    resolution: {integrity: sha512-99AhQ3/ZMxU7jw34Sq8brzXqWH/bMnf7ZVhvLk9QU2cOepbQSVTns6qoErJmSiAvU3InRqC2RRZ5ovh1KN0d0Q==}
    cpu: [arm64]
    os: [darwin]

  '@rollup/rollup-darwin-x64@4.21.2':
    resolution: {integrity: sha512-ZbRaUvw2iN/y37x6dY50D8m2BnDbBjlnMPotDi/qITMJ4sIxNY33HArjikDyakhSv0+ybdUxhWxE6kTI4oX26w==}
    cpu: [x64]
    os: [darwin]

  '@rollup/rollup-linux-arm-gnueabihf@4.21.2':
    resolution: {integrity: sha512-ztRJJMiE8nnU1YFcdbd9BcH6bGWG1z+jP+IPW2oDUAPxPjo9dverIOyXz76m6IPA6udEL12reYeLojzW2cYL7w==}
    cpu: [arm]
    os: [linux]

  '@rollup/rollup-linux-arm-musleabihf@4.21.2':
    resolution: {integrity: sha512-flOcGHDZajGKYpLV0JNc0VFH361M7rnV1ee+NTeC/BQQ1/0pllYcFmxpagltANYt8FYf9+kL6RSk80Ziwyhr7w==}
    cpu: [arm]
    os: [linux]

  '@rollup/rollup-linux-arm64-gnu@4.21.2':
    resolution: {integrity: sha512-69CF19Kp3TdMopyteO/LJbWufOzqqXzkrv4L2sP8kfMaAQ6iwky7NoXTp7bD6/irKgknDKM0P9E/1l5XxVQAhw==}
    cpu: [arm64]
    os: [linux]

  '@rollup/rollup-linux-arm64-musl@4.21.2':
    resolution: {integrity: sha512-48pD/fJkTiHAZTnZwR0VzHrao70/4MlzJrq0ZsILjLW/Ab/1XlVUStYyGt7tdyIiVSlGZbnliqmult/QGA2O2w==}
    cpu: [arm64]
    os: [linux]

  '@rollup/rollup-linux-powerpc64le-gnu@4.21.2':
    resolution: {integrity: sha512-cZdyuInj0ofc7mAQpKcPR2a2iu4YM4FQfuUzCVA2u4HI95lCwzjoPtdWjdpDKyHxI0UO82bLDoOaLfpZ/wviyQ==}
    cpu: [ppc64]
    os: [linux]

  '@rollup/rollup-linux-riscv64-gnu@4.21.2':
    resolution: {integrity: sha512-RL56JMT6NwQ0lXIQmMIWr1SW28z4E4pOhRRNqwWZeXpRlykRIlEpSWdsgNWJbYBEWD84eocjSGDu/XxbYeCmwg==}
    cpu: [riscv64]
    os: [linux]

  '@rollup/rollup-linux-s390x-gnu@4.21.2':
    resolution: {integrity: sha512-PMxkrWS9z38bCr3rWvDFVGD6sFeZJw4iQlhrup7ReGmfn7Oukrr/zweLhYX6v2/8J6Cep9IEA/SmjXjCmSbrMQ==}
    cpu: [s390x]
    os: [linux]

  '@rollup/rollup-linux-x64-gnu@4.21.2':
    resolution: {integrity: sha512-B90tYAUoLhU22olrafY3JQCFLnT3NglazdwkHyxNDYF/zAxJt5fJUB/yBoWFoIQ7SQj+KLe3iL4BhOMa9fzgpw==}
    cpu: [x64]
    os: [linux]

  '@rollup/rollup-linux-x64-musl@4.21.2':
    resolution: {integrity: sha512-7twFizNXudESmC9oneLGIUmoHiiLppz/Xs5uJQ4ShvE6234K0VB1/aJYU3f/4g7PhssLGKBVCC37uRkkOi8wjg==}
    cpu: [x64]
    os: [linux]

  '@rollup/rollup-win32-arm64-msvc@4.21.2':
    resolution: {integrity: sha512-9rRero0E7qTeYf6+rFh3AErTNU1VCQg2mn7CQcI44vNUWM9Ze7MSRS/9RFuSsox+vstRt97+x3sOhEey024FRQ==}
    cpu: [arm64]
    os: [win32]

  '@rollup/rollup-win32-ia32-msvc@4.21.2':
    resolution: {integrity: sha512-5rA4vjlqgrpbFVVHX3qkrCo/fZTj1q0Xxpg+Z7yIo3J2AilW7t2+n6Q8Jrx+4MrYpAnjttTYF8rr7bP46BPzRw==}
    cpu: [ia32]
    os: [win32]

  '@rollup/rollup-win32-x64-msvc@4.21.2':
    resolution: {integrity: sha512-6UUxd0+SKomjdzuAcp+HAmxw1FlGBnl1v2yEPSabtx4lBfdXHDVsW7+lQkgz9cNFJGY3AWR7+V8P5BqkD9L9nA==}
    cpu: [x64]
    os: [win32]

  '@tybys/wasm-util@0.9.0':
    resolution: {integrity: sha512-6+7nlbMVX/PVDCwaIQ8nTOPveOcFLSt8GcXdx8hD0bt39uWxYT88uXzqTd4fTvqta7oeUJqudepapKNt2DYJFw==}

  '@types/estree@1.0.5':
    resolution: {integrity: sha512-/kYRxGDLWzHOB7q+wtSUQlFrtcdUccpfy+X+9iMBpHK8QLLhx2wIPYuS5DYtR9Wa/YlZAbIovy7qVdB1Aq6Lyw==}

  fsevents@2.3.3:
    resolution: {integrity: sha512-5xoDfX+fL7faATnagmWPpbFtwh/R77WmMMqqHGS65C3vvB0YHrgF+B1YmZ3441tMj5n63k0212XNoJwzlhffQw==}
    engines: {node: ^8.16.0 || ^10.6.0 || >=11.0.0}
    os: [darwin]

  rolldown@0.13.2:
    resolution: {integrity: sha512-vIWIgy7LR82EU/Gv8/iUJOT6Kq/o/72mv0DEYJAlkmOTABN5S9DkWgScDUzy1s0gLiFzh220qRNfWYTdKaZ8IQ==}
    hasBin: true

  rollup@4.21.2:
    resolution: {integrity: sha512-e3TapAgYf9xjdLvKQCkQTnbTKd4a6jwlpQSJJFokHGaX2IVjoEqkIIhiQfqsi0cdwlOD+tQGuOd5AJkc5RngBw==}
    engines: {node: '>=18.0.0', npm: '>=8.0.0'}
    hasBin: true

  tslib@2.7.0:
    resolution: {integrity: sha512-gLXCKdN1/j47AiHiOkJN69hJmcbGTHI0ImLmbYLHykhgeN0jVGola9yVjFgzCUklsZQMW55o+dW7IXv3RCXDzA==}

  zod@3.23.8:
    resolution: {integrity: sha512-XBx9AXhXktjUqnepgTiE5flcKIYWi/rme0Eaj+5Y0lftuGBq+jyRu/md4WnuxqgP1ubdpNCsYEYPxrzVHD8d6g==}

snapshots:

  '@emnapi/core@1.2.0':
    dependencies:
      '@emnapi/wasi-threads': 1.0.1
      tslib: 2.7.0
    optional: true

  '@emnapi/runtime@1.2.0':
    dependencies:
      tslib: 2.7.0
    optional: true

  '@emnapi/wasi-threads@1.0.1':
    dependencies:
      tslib: 2.7.0
    optional: true

  '@napi-rs/wasm-runtime@0.2.4':
    dependencies:
      '@emnapi/core': 1.2.0
      '@emnapi/runtime': 1.2.0
      '@tybys/wasm-util': 0.9.0
    optional: true

  '@rolldown/binding-darwin-arm64@0.13.2':
    optional: true

  '@rolldown/binding-darwin-x64@0.13.2':
    optional: true

  '@rolldown/binding-freebsd-x64@0.13.2':
    optional: true

  '@rolldown/binding-linux-arm-gnueabihf@0.13.2':
    optional: true

  '@rolldown/binding-linux-arm64-gnu@0.13.2':
    optional: true

  '@rolldown/binding-linux-arm64-musl@0.13.2':
    optional: true

  '@rolldown/binding-linux-x64-gnu@0.13.2':
    optional: true

  '@rolldown/binding-linux-x64-musl@0.13.2':
    optional: true

  '@rolldown/binding-wasm32-wasi@0.13.2':
    dependencies:
      '@napi-rs/wasm-runtime': 0.2.4
    optional: true

  '@rolldown/binding-win32-arm64-msvc@0.13.2':
    optional: true

  '@rolldown/binding-win32-ia32-msvc@0.13.2':
    optional: true

  '@rolldown/binding-win32-x64-msvc@0.13.2':
    optional: true

  '@rollup/rollup-android-arm-eabi@4.21.2':
    optional: true

  '@rollup/rollup-android-arm64@4.21.2':
    optional: true

  '@rollup/rollup-darwin-arm64@4.21.2':
    optional: true

  '@rollup/rollup-darwin-x64@4.21.2':
    optional: true

  '@rollup/rollup-linux-arm-gnueabihf@4.21.2':
    optional: true

  '@rollup/rollup-linux-arm-musleabihf@4.21.2':
    optional: true

  '@rollup/rollup-linux-arm64-gnu@4.21.2':
    optional: true

  '@rollup/rollup-linux-arm64-musl@4.21.2':
    optional: true

  '@rollup/rollup-linux-powerpc64le-gnu@4.21.2':
    optional: true

  '@rollup/rollup-linux-riscv64-gnu@4.21.2':
    optional: true

  '@rollup/rollup-linux-s390x-gnu@4.21.2':
    optional: true

  '@rollup/rollup-linux-x64-gnu@4.21.2':
    optional: true

  '@rollup/rollup-linux-x64-musl@4.21.2':
    optional: true

  '@rollup/rollup-win32-arm64-msvc@4.21.2':
    optional: true

  '@rollup/rollup-win32-ia32-msvc@4.21.2':
    optional: true

  '@rollup/rollup-win32-x64-msvc@4.21.2':
    optional: true

  '@tybys/wasm-util@0.9.0':
    dependencies:
      tslib: 2.7.0
    optional: true

  '@types/estree@1.0.5': {}

  fsevents@2.3.3:
    optional: true

  rolldown@0.13.2:
    dependencies:
      zod: 3.23.8
    optionalDependencies:
      '@rolldown/binding-darwin-arm64': 0.13.2
      '@rolldown/binding-darwin-x64': 0.13.2
      '@rolldown/binding-freebsd-x64': 0.13.2
      '@rolldown/binding-linux-arm-gnueabihf': 0.13.2
      '@rolldown/binding-linux-arm64-gnu': 0.13.2
      '@rolldown/binding-linux-arm64-musl': 0.13.2
      '@rolldown/binding-linux-x64-gnu': 0.13.2
      '@rolldown/binding-linux-x64-musl': 0.13.2
      '@rolldown/binding-wasm32-wasi': 0.13.2
      '@rolldown/binding-win32-arm64-msvc': 0.13.2
      '@rolldown/binding-win32-ia32-msvc': 0.13.2
      '@rolldown/binding-win32-x64-msvc': 0.13.2

  rollup@4.21.2:
    dependencies:
      '@types/estree': 1.0.5
    optionalDependencies:
      '@rollup/rollup-android-arm-eabi': 4.21.2
      '@rollup/rollup-android-arm64': 4.21.2
      '@rollup/rollup-darwin-arm64': 4.21.2
      '@rollup/rollup-darwin-x64': 4.21.2
      '@rollup/rollup-linux-arm-gnueabihf': 4.21.2
      '@rollup/rollup-linux-arm-musleabihf': 4.21.2
      '@rollup/rollup-linux-arm64-gnu': 4.21.2
      '@rollup/rollup-linux-arm64-musl': 4.21.2
      '@rollup/rollup-linux-powerpc64le-gnu': 4.21.2
      '@rollup/rollup-linux-riscv64-gnu': 4.21.2
      '@rollup/rollup-linux-s390x-gnu': 4.21.2
      '@rollup/rollup-linux-x64-gnu': 4.21.2
      '@rollup/rollup-linux-x64-musl': 4.21.2
      '@rollup/rollup-win32-arm64-msvc': 4.21.2
      '@rollup/rollup-win32-ia32-msvc': 4.21.2
      '@rollup/rollup-win32-x64-msvc': 4.21.2
      fsevents: 2.3.3

  tslib@2.7.0:
    optional: true

  zod@3.23.8: {}
